
Microsoft Visual Studio Solution File, Format Version 12.00
# Visual Studio Version 17
VisualStudioVersion = 17.14.36408.4
MinimumVisualStudioVersion = 10.0.40219.1
Project("{2150E333-8FDC-42A3-9474-1A3956D46DE8}") = "src", "src", "{02EA681E-C7D8-13C7-8484-4AC65E1B71E8}"
EndProject
Project("{2150E333-8FDC-42A3-9474-1A3956D46DE8}") = "services", "services", "{98F4BA56-2553-4335-88B7-632AD16D64B5}"
EndProject
Project("{2150E333-8FDC-42A3-9474-1A3956D46DE8}") = "EdgeService", "EdgeService", "{2FDF93C0-2496-4F35-896F-9BB7FB4DE2BB}"
EndProject
Project("{2150E333-8FDC-42A3-9474-1A3956D46DE8}") = "AuthService", "AuthService", "{E933F892-F9F8-472A-A98E-563DB219A347}"
EndProject
Project("{2150E333-8FDC-42A3-9474-1A3956D46DE8}") = "ProductService", "ProductService", "{759F4678-3075-461F-9F19-162D47E12D87}"
EndProject
Project("{2150E333-8FDC-42A3-9474-1A3956D46DE8}") = "LogService", "LogService", "{7527E7A1-4B42-4331-B1A0-739C93441F90}"
EndProject
Project("{2150E333-8FDC-42A3-9474-1A3956D46DE8}") = "frontend", "frontend", "{6C4CEEC7-B82B-453A-9F5F-3B0E0575F37B}"
EndProject
Project("{E53339B2-1760-4266-BCC7-CA923CBCF16C}") = "docker-compose", "docker-compose.dcproj", "{81DDED9D-158B-E303-5F62-77A2896D2A5A}"
EndProject
Project("{2150E333-8FDC-42A3-9474-1A3956D46DE8}") = "Core", "Core", "{833A10E9-505C-4131-A25A-89C105DFA094}"
EndProject
Project("{FAE04EC0-301F-11D3-BF4B-00C04F79EFBC}") = "ProductApp.Domain", "src\services\ProductService\Core\ProductApp.Domain\ProductApp.Domain.csproj", "{AB439CEA-C31B-46EF-9732-37216339AEF3}"
EndProject
Project("{FAE04EC0-301F-11D3-BF4B-00C04F79EFBC}") = "ProductApp.Application", "src\services\ProductService\Core\ProductApp.Application\ProductApp.Application.csproj", "{3ADF3572-F042-4704-9404-B4BFDFAA2263}"
EndProject
Project("{2150E333-8FDC-42A3-9474-1A3956D46DE8}") = "Infrastructure", "Infrastructure", "{73E49586-1C13-4458-8EE9-F9736E711ECD}"
EndProject
Project("{FAE04EC0-301F-11D3-BF4B-00C04F79EFBC}") = "ProductApp.Persistence", "src\services\ProductService\Infrastructure\ProductApp.Persistence\ProductApp.Persistence.csproj", "{A0DB091A-4ADC-4EA3-AA55-3E66B0522C5D}"
EndProject
Project("{2150E333-8FDC-42A3-9474-1A3956D46DE8}") = "ProductApi", "ProductApi", "{BD44775C-DB86-499A-A4CB-F203CB3800BB}"
EndProject
Project("{FAE04EC0-301F-11D3-BF4B-00C04F79EFBC}") = "managment-app.Product.Api", "src\services\ProductService\ProductApi\managment-app.Product.Api\managment-app.Product.Api.csproj", "{E23ED8B8-DF94-479B-9632-633CAD2AEB8A}"
EndProject
Project("{2150E333-8FDC-42A3-9474-1A3956D46DE8}") = "shared", "shared", "{C76AACBD-0352-4809-8671-172E4F3E5EE3}"
EndProject
Project("{FAE04EC0-301F-11D3-BF4B-00C04F79EFBC}") = "managment-app.Shared", "src\services\shared\managment-app.Shared\managment-app.Shared.csproj", "{B58F851D-B992-48EF-BBFA-AE37D6787573}"
EndProject
Project("{2150E333-8FDC-42A3-9474-1A3956D46DE8}") = "gateway", "gateway", "{027CBFB8-D676-47D0-9DC7-6730B7F8C301}"
EndProject
Project("{FAE04EC0-301F-11D3-BF4B-00C04F79EFBC}") = "managment-app.Gateway", "src\services\gateway\managment-app.Gateway\managment-app.Gateway.csproj", "{E9D3CFF4-9074-4871-94E8-2D92C16EAC60}"
EndProject
Global
	GlobalSection(SolutionConfigurationPlatforms) = preSolution
		Debug|Any CPU = Debug|Any CPU
		Release|Any CPU = Release|Any CPU
	EndGlobalSection
	GlobalSection(ProjectConfigurationPlatforms) = postSolution
		{81DDED9D-158B-E303-5F62-77A2896D2A5A}.Debug|Any CPU.ActiveCfg = Debug|Any CPU
		{81DDED9D-158B-E303-5F62-77A2896D2A5A}.Debug|Any CPU.Build.0 = Debug|Any CPU
		{81DDED9D-158B-E303-5F62-77A2896D2A5A}.Release|Any CPU.ActiveCfg = Release|Any CPU
		{81DDED9D-158B-E303-5F62-77A2896D2A5A}.Release|Any CPU.Build.0 = Release|Any CPU
		{AB439CEA-C31B-46EF-9732-37216339AEF3}.Debug|Any CPU.ActiveCfg = Debug|Any CPU
		{AB439CEA-C31B-46EF-9732-37216339AEF3}.Debug|Any CPU.Build.0 = Debug|Any CPU
		{AB439CEA-C31B-46EF-9732-37216339AEF3}.Release|Any CPU.ActiveCfg = Release|Any CPU
		{AB439CEA-C31B-46EF-9732-37216339AEF3}.Release|Any CPU.Build.0 = Release|Any CPU
		{3ADF3572-F042-4704-9404-B4BFDFAA2263}.Debug|Any CPU.ActiveCfg = Debug|Any CPU
		{3ADF3572-F042-4704-9404-B4BFDFAA2263}.Debug|Any CPU.Build.0 = Debug|Any CPU
		{3ADF3572-F042-4704-9404-B4BFDFAA2263}.Release|Any CPU.ActiveCfg = Release|Any CPU
		{3ADF3572-F042-4704-9404-B4BFDFAA2263}.Release|Any CPU.Build.0 = Release|Any CPU
		{A0DB091A-4ADC-4EA3-AA55-3E66B0522C5D}.Debug|Any CPU.ActiveCfg = Debug|Any CPU
		{A0DB091A-4ADC-4EA3-AA55-3E66B0522C5D}.Debug|Any CPU.Build.0 = Debug|Any CPU
		{A0DB091A-4ADC-4EA3-AA55-3E66B0522C5D}.Release|Any CPU.ActiveCfg = Release|Any CPU
		{A0DB091A-4ADC-4EA3-AA55-3E66B0522C5D}.Release|Any CPU.Build.0 = Release|Any CPU
		{E23ED8B8-DF94-479B-9632-633CAD2AEB8A}.Debug|Any CPU.ActiveCfg = Debug|Any CPU
		{E23ED8B8-DF94-479B-9632-633CAD2AEB8A}.Debug|Any CPU.Build.0 = Debug|Any CPU
		{E23ED8B8-DF94-479B-9632-633CAD2AEB8A}.Release|Any CPU.ActiveCfg = Release|Any CPU
		{E23ED8B8-DF94-479B-9632-633CAD2AEB8A}.Release|Any CPU.Build.0 = Release|Any CPU
		{B58F851D-B992-48EF-BBFA-AE37D6787573}.Debug|Any CPU.ActiveCfg = Debug|Any CPU
		{B58F851D-B992-48EF-BBFA-AE37D6787573}.Debug|Any CPU.Build.0 = Debug|Any CPU
		{B58F851D-B992-48EF-BBFA-AE37D6787573}.Release|Any CPU.ActiveCfg = Release|Any CPU
		{B58F851D-B992-48EF-BBFA-AE37D6787573}.Release|Any CPU.Build.0 = Release|Any CPU
		{E9D3CFF4-9074-4871-94E8-2D92C16EAC60}.Debug|Any CPU.ActiveCfg = Debug|Any CPU
		{E9D3CFF4-9074-4871-94E8-2D92C16EAC60}.Debug|Any CPU.Build.0 = Debug|Any CPU
		{E9D3CFF4-9074-4871-94E8-2D92C16EAC60}.Release|Any CPU.ActiveCfg = Release|Any CPU
		{E9D3CFF4-9074-4871-94E8-2D92C16EAC60}.Release|Any CPU.Build.0 = Release|Any CPU
	EndGlobalSection
	GlobalSection(SolutionProperties) = preSolution
		HideSolutionNode = FALSE
	EndGlobalSection
	GlobalSection(NestedProjects) = preSolution
		{98F4BA56-2553-4335-88B7-632AD16D64B5} = {02EA681E-C7D8-13C7-8484-4AC65E1B71E8}
		{2FDF93C0-2496-4F35-896F-9BB7FB4DE2BB} = {98F4BA56-2553-4335-88B7-632AD16D64B5}
		{E933F892-F9F8-472A-A98E-563DB219A347} = {98F4BA56-2553-4335-88B7-632AD16D64B5}
		{759F4678-3075-461F-9F19-162D47E12D87} = {98F4BA56-2553-4335-88B7-632AD16D64B5}
		{7527E7A1-4B42-4331-B1A0-739C93441F90} = {98F4BA56-2553-4335-88B7-632AD16D64B5}
		{6C4CEEC7-B82B-453A-9F5F-3B0E0575F37B} = {98F4BA56-2553-4335-88B7-632AD16D64B5}
		{833A10E9-505C-4131-A25A-89C105DFA094} = {759F4678-3075-461F-9F19-162D47E12D87}
		{AB439CEA-C31B-46EF-9732-37216339AEF3} = {833A10E9-505C-4131-A25A-89C105DFA094}
		{3ADF3572-F042-4704-9404-B4BFDFAA2263} = {833A10E9-505C-4131-A25A-89C105DFA094}
		{73E49586-1C13-4458-8EE9-F9736E711ECD} = {759F4678-3075-461F-9F19-162D47E12D87}
		{A0DB091A-4ADC-4EA3-AA55-3E66B0522C5D} = {73E49586-1C13-4458-8EE9-F9736E711ECD}
		{BD44775C-DB86-499A-A4CB-F203CB3800BB} = {759F4678-3075-461F-9F19-162D47E12D87}
		{E23ED8B8-DF94-479B-9632-633CAD2AEB8A} = {BD44775C-DB86-499A-A4CB-F203CB3800BB}
		{C76AACBD-0352-4809-8671-172E4F3E5EE3} = {98F4BA56-2553-4335-88B7-632AD16D64B5}
		{B58F851D-B992-48EF-BBFA-AE37D6787573} = {C76AACBD-0352-4809-8671-172E4F3E5EE3}
		{027CBFB8-D676-47D0-9DC7-6730B7F8C301} = {98F4BA56-2553-4335-88B7-632AD16D64B5}
		{E9D3CFF4-9074-4871-94E8-2D92C16EAC60} = {027CBFB8-D676-47D0-9DC7-6730B7F8C301}
	EndGlobalSection
	GlobalSection(ExtensibilityGlobals) = postSolution
		SolutionGuid = {D93B8969-14EA-49FC-892D-FD517D586456}
	EndGlobalSection
EndGlobal
